github.com/474420502/htmlquery v1.2.4-0.20200810063053-83ecf76aada9 h1:PedhoiJFN6PDHIJVij9uVEBVdj5WfTehrDQz8iObsHs=
github.com/474420502/htmlquery v1.2.4-0.20200810063053-83ecf76aada9/go.mod h1:AoSN890esHwNKecV0tCs+W0ele1xgFL1Jqk6UcrdxgU=
github.com/474420502/htmlquery v1.2.4-0.20200810073053-1730e165543d h1:IQwEvbKiKXv5YqOJIZZjpzmWeaVLgbu/lCAeG3mV0j4=
github.com/474420502/htmlquery v1.2.4-0.20200810073053-1730e165543d/go.mod h1:AoSN890esHwNKecV0tCs+W0ele1xgFL1Jqk6UcrdxgU=
github.com/474420502/htmlquery v1.2.4-0.20200810073352-b8a7c381df27 h1:32EIJ5LXuoX1GtdL8bHpfCUCm+NGvHL4xZMvhw9rUgk=
github.com/474420502/htmlquery v1.2.4-0.20200810073352-b8a7c381df27/go.mod h1:AoSN890esHwNKecV0tCs+W0ele1xgFL1Jqk6UcrdxgU=
github.com/474420502/htmlquery v1.2.4-0.20200810080054-b06da8d2aac0 h1:xrwRb8dn6WaDvYgKwAWTFF2j2bQ4ojtc6i3U2jvP0Ws=
github.com/474420502/htmlquery v1.2.4-0.20200810080054-b06da8d2aac0/go.mod h1:AoSN890esHwNKecV0tCs+W0ele1xgFL1Jqk6UcrdxgU=
github.com/474420502/htmlquery v1.2.4-0.20200810095110-c119019d7227 h1:Jx8vskIBX8fc6ZZ9Xsqh75L82ZzwFmI4eayWIHCPnus=
github.com/474420502/htmlquery v1.2.4-0.20200810095110-c119019d7227/go.mod h1:AoSN890esHwNKecV0tCs+W0ele1xgFL1Jqk6UcrdxgU=
github.com/474420502/htmlquery v1.2.4-0.20200810102350-3dc3bfce9ae2 h1:zrIc4YugF2xp4ChqVF1erYs9QmunB3TdGMwXxvH2Tnw=
github.com/474420502/htmlquery v1.2.4-0.20200810102350-3dc3bfce9ae2/go.mod h1:AoSN890esHwNKecV0tCs+W0ele1xgFL1Jqk6UcrdxgU=
github.com/antchfx/xpath v1.1.6 h1:6sVh6hB5T6phw1pFpHRQ+C4bd8sNI+O58flqtg7h0R0=
github.com/antchfx/xpath v1.1.6/go.mod h1:Yee4kTMuNiPYJ7nSNorELQMr1J33uOpXDMByNYhvtNk=
github.com/davecgh/go-spew v1.1.0 h1:ZDRjVQ15GmhC3fiQ8ni8+OwkZQO4DARzQgrnXU1Liz8=
github.com/davecgh/go-spew v1.1.0/go.mod h1:J7Y8YcW2NihsgmVo/mv3lAwl/skON4iLHjSsI+c5H38=
github.com/davecgh/go-spew v1.1.1 h1:vj9j/u1bqnvCEfJOwUhtlOARqs3+rkHYY13jYWTU97c=
github.com/davecgh/go-spew v1.1.1/go.mod h1:J7Y8YcW2NihsgmVo/mv3lAwl/skON4iLHjSsI+c5H38=
github.com/golang/groupcache v0.0.0-20200121045136-8c9f03a8e57e h1:1r7pUrabqp18hOBcwBwiTsbnFeTZHV9eER/QT5JVZxY=
github.com/golang/groupcache v0.0.0-20200121045136-8c9f03a8e57e/go.mod h1:cIg4eruTrX1D+g88fzRXU5OdNfaM+9IcxsU14FzY7Hc=
github.com/lestrrat-go/libxml2 v0.0.0-20200215080510-6483566f52cb h1:qqNmX9V9n4byPp7LUvUf7CPhMPYO9ol4ElpbD3DgzuY=
github.com/lestrrat-go/libxml2 v0.0.0-20200215080510-6483566f52cb/go.mod h1:fy/ZVbgyB83mtricxwSW3zqIRXWOVpKG2PvdUDFeC58=
github.com/pkg/errors v0.9.1 h1:FEBLx1zS214owpjy7qsBeixbURkuhQAwrK5UwLGTwt4=
github.com/pkg/errors v0.9.1/go.mod h1:bwawxfHBFNV+L2hUp1rHADufV3IMtnDRdf1r5NINEl0=
github.com/pmezard/go-difflib v1.0.0 h1:4DBwDE0NGyQoBHbLQYPwSUPoCMWR5BEzIk/f1lZbAQM=
github.com/pmezard/go-difflib v1.0.0/go.mod h1:iKH77koFhYxTK1pcRnkKkqfTogsbg7gZNVY4sRDYZ/4=
github.com/stretchr/objx v0.1.0/go.mod h1:HFkY916IF+rwdDfMAkV7OtwuqBVzrE8GR6GFx+wExME=
github.com/stretchr/testify v1.6.1 h1:hDPOHmpOpP40lSULcqw7IrRb/u7w6RpDC9399XyoNd0=
github.com/stretchr/testify v1.6.1/go.mod h1:6Fq8oRcR53rry900zMqJjRRixrwX3KX962/h/Wwjteg=
github.com/tidwall/gjson v1.6.0 h1:9VEQWz6LLMUsUl6PueE49ir4Ka6CzLymOAZDxpFsTDc=
github.com/tidwall/gjson v1.6.0/go.mod h1:P256ACg0Mn+j1RXIDXoss50DeIABTYK1PULOJHhxOls=
github.com/tidwall/match v1.0.1 h1:PnKP62LPNxHKTwvHHZZzdOAOCtsJTjo6dZLCwpKm5xc=
github.com/tidwall/match v1.0.1/go.mod h1:LujAq0jyVjBy028G1WhWfIzbpQfMO8bBZ6Tyb0+pL9E=
github.com/tidwall/pretty v1.0.0 h1:HsD+QiTn7sK6flMKIvNmpqz1qrpP3Ps6jOKIKMooyg4=
github.com/tidwall/pretty v1.0.0/go.mod h1:XNkn88O1ChpSDQmQeStsy+sBenx6DDtFZJxhVysOjyk=
golang.org/x/crypto v0.0.0-20190308221718-c2843e01d9a2/go.mod h1:djNgcEr1/C05ACkg1iLfiJU5Ep61QUkGW8qpdssI0+w=
golang.org/x/net v0.0.0-20200421231249-e086a090c8fd h1:QPwSajcTUrFriMF1nJ3XzgoqakqQEsnZf9LdXdi2nkI=
golang.org/x/net v0.0.0-20200421231249-e086a090c8fd/go.mod h1:qpuaurCH72eLCgpAm/N6yyVIVM9cpaDIP3A8BGJEC5A=
golang.org/x/sys v0.0.0-20190215142949-d0b11bdaac8a/go.mod h1:STP8DvDyc/dI5b8T5hshtkjS+E42TnysNCUPdjciGhY=
golang.org/x/sys v0.0.0-20200323222414-85ca7c5b95cd/go.mod h1:h1NjWce9XRLGQEsW7wpKNCjG9DtNlClVuFLEZdDNbEs=
golang.org/x/text v0.3.0 h1:g61tztE5qeGQ89tm6NTjjM9VPIm088od1l6aSorWRWg=
golang.org/x/text v0.3.0/go.mod h1:NqM8EUOU14njkJ3fqMW+pc6Ldnwhi/IjpwHt7yyuwOQ=
gopkg.in/check.v1 v0.0.0-20161208181325-20d25e280405 h1:yhCVgyC4o1eVCa2tZl7eS0r+SDo693bJlVdllGtEeKM=
gopkg.in/check.v1 v0.0.0-20161208181325-20d25e280405/go.mod h1:Co6ibVJAznAaIkqp8huTwlJQCZ016jof/cbN4VW5Yz0=
gopkg.in/xmlpath.v1 v1.0.0-20140413065638-a146725ea6e7 h1:zibSPXbkfB1Dwl76rJgLa68xcdHu42qmFTe6vAnU4wA=
gopkg.in/xmlpath.v1 v1.0.0-20140413065638-a146725ea6e7/go.mod h1:wo0SW5T6XqIKCCAge330Cd5sm+7VI6v85OrQHIk50KM=
gopkg.in/yaml.v3 v3.0.0-20200313102051-9f266ea9e77c h1:dUUwHk2QECo/6vqA44rthZ8ie2QXMNeKRTHCNY2nXvo=
gopkg.in/yaml.v3 v3.0.0-20200313102051-9f266ea9e77c/go.mod h1:K4uyk7z7BCEPqu6E+C64Yfv1cQ7kz7rIZviUmN+EgEM=
launchpad.net/gocheck v0.0.0-20140225173054-000000000087 h1:Izowp2XBH6Ya6rv+hqbceQyw/gSGoXfH/UPoTGduL54=
launchpad.net/gocheck v0.0.0-20140225173054-000000000087/go.mod h1:hj7XX3B/0A+80Vse0e+BUHsHMTEhd0O4cpUHr/e/BUM=
launchpad.net/xmlpath v0.0.0-20130614043138-000000000004 h1:B8nNZBUrx8YufDCAJjvO/lVs4GxXMQHyrjwJdJzXMFg=
launchpad.net/xmlpath v0.0.0-20130614043138-000000000004/go.mod h1:vqyExLOM3qBx7mvYRkoxjSCF945s0mbe7YynlKYXtsA=
